
Microsoft Visual Studio Solution File, Format Version 12.00
# Visual Studio Version 17
VisualStudioVersion = 17.1.32328.378
MinimumVisualStudioVersion = 10.0.40219.1
Project("{FAE04EC0-301F-11D3-BF4B-00C04F79EFBC}") = "Design-Patterns-Final", "Design-Patterns-Final.csproj", "{4513BCEC-6A07-4E64-AE2A-F29AE513AFA0}"
EndProject
Global
	GlobalSection(SolutionConfigurationPlatforms) = preSolution
		Debug|Any CPU = Debug|Any CPU
		Release|Any CPU = Release|Any CPU
	EndGlobalSection
	GlobalSection(ProjectConfigurationPlatforms) = postSolution
		{4513BCEC-6A07-4E64-AE2A-F29AE513AFA0}.Debug|Any CPU.ActiveCfg = Debug|Any CPU
		{4513BCEC-6A07-4E64-AE2A-F29AE513AFA0}.Debug|Any CPU.Build.0 = Debug|Any CPU
		{4513BCEC-6A07-4E64-AE2A-F29AE513AFA0}.Release|Any CPU.ActiveCfg = Release|Any CPU
		{4513BCEC-6A07-4E64-AE2A-F29AE513AFA0}.Release|Any CPU.Build.0 = Release|Any CPU
	EndGlobalSection
	GlobalSection(SolutionProperties) = preSolution
		HideSolutionNode = FALSE
	EndGlobalSection
	GlobalSection(ExtensibilityGlobals) = postSolution
		SolutionGuid = {051A6778-6106-4316-B8E2-529B888D496A}
	EndGlobalSection
EndGlobal
